
Microsoft Visual Studio Solution File, Format Version 12.00
# Visual Studio 15
VisualStudioVersion = 15.0.28307.572
MinimumVisualStudioVersion = 10.0.40219.1
Project("{9A19103F-16F7-4668-BE54-9A1E7A4F7556}") = "BrowseCloud.Service", "BrowseCloud.Service\BrowseCloud.Service.csproj", "{B16A2682-A59B-4927-BE91-495F431AAFB5}"
EndProject
Project("{9A19103F-16F7-4668-BE54-9A1E7A4F7556}") = "BrowseCloud.Service.Models", "BrowseCloud.Service.Models\BrowseCloud.Service.Models.csproj", "{16FBA50E-7217-49DC-92DD-9B6697A631D6}"
EndProject
Project("{9A19103F-16F7-4668-BE54-9A1E7A4F7556}") = "BrowseCloud.Service.Services", "BrowseCloud.Service.Services\BrowseCloud.Service.Services.csproj", "{95E3CE53-B228-444A-BD7B-5F94BA9772D8}"
EndProject
Project("{9A19103F-16F7-4668-BE54-9A1E7A4F7556}") = "BrowseCloud.Service.Common", "BrowseCloud.Service.Common\BrowseCloud.Service.Common.csproj", "{7138D1BE-E7DA-4912-ADA3-0C30577441E7}"
EndProject
Project("{2150E333-8FDC-42A3-9474-1A3956D46DE8}") = "Solution Items", "Solution Items", "{E3DAC2BE-6236-4D7C-BAD9-C14CE5D6504B}"
	ProjectSection(SolutionItems) = preProject
		BrowseCloud.Service.ruleset = BrowseCloud.Service.ruleset
		stylecop.json = stylecop.json
	EndProjectSection
EndProject
Global
	GlobalSection(SolutionConfigurationPlatforms) = preSolution
		Debug|Any CPU = Debug|Any CPU
		Release|Any CPU = Release|Any CPU
	EndGlobalSection
	GlobalSection(ProjectConfigurationPlatforms) = postSolution
		{B16A2682-A59B-4927-BE91-495F431AAFB5}.Debug|Any CPU.ActiveCfg = Debug|Any CPU
		{B16A2682-A59B-4927-BE91-495F431AAFB5}.Debug|Any CPU.Build.0 = Debug|Any CPU
		{B16A2682-A59B-4927-BE91-495F431AAFB5}.Release|Any CPU.ActiveCfg = Release|Any CPU
		{B16A2682-A59B-4927-BE91-495F431AAFB5}.Release|Any CPU.Build.0 = Release|Any CPU
		{16FBA50E-7217-49DC-92DD-9B6697A631D6}.Debug|Any CPU.ActiveCfg = Debug|Any CPU
		{16FBA50E-7217-49DC-92DD-9B6697A631D6}.Debug|Any CPU.Build.0 = Debug|Any CPU
		{16FBA50E-7217-49DC-92DD-9B6697A631D6}.Release|Any CPU.ActiveCfg = Release|Any CPU
		{16FBA50E-7217-49DC-92DD-9B6697A631D6}.Release|Any CPU.Build.0 = Release|Any CPU
		{95E3CE53-B228-444A-BD7B-5F94BA9772D8}.Debug|Any CPU.ActiveCfg = Debug|Any CPU
		{95E3CE53-B228-444A-BD7B-5F94BA9772D8}.Debug|Any CPU.Build.0 = Debug|Any CPU
		{95E3CE53-B228-444A-BD7B-5F94BA9772D8}.Release|Any CPU.ActiveCfg = Release|Any CPU
		{95E3CE53-B228-444A-BD7B-5F94BA9772D8}.Release|Any CPU.Build.0 = Release|Any CPU
		{7138D1BE-E7DA-4912-ADA3-0C30577441E7}.Debug|Any CPU.ActiveCfg = Debug|Any CPU
		{7138D1BE-E7DA-4912-ADA3-0C30577441E7}.Debug|Any CPU.Build.0 = Debug|Any CPU
		{7138D1BE-E7DA-4912-ADA3-0C30577441E7}.Release|Any CPU.ActiveCfg = Release|Any CPU
		{7138D1BE-E7DA-4912-ADA3-0C30577441E7}.Release|Any CPU.Build.0 = Release|Any CPU
	EndGlobalSection
	GlobalSection(SolutionProperties) = preSolution
		HideSolutionNode = FALSE
	EndGlobalSection
	GlobalSection(ExtensibilityGlobals) = postSolution
		SolutionGuid = {840F2E6C-B665-4AA0-9274-3A6593F176F1}
	EndGlobalSection
EndGlobal
